
Microsoft Visual Studio Solution File, Format Version 12.00
# Visual Studio 15
VisualStudioVersion = 15.0.27703.2018
MinimumVisualStudioVersion = 10.0.40219.1
Project("{FAE04EC0-301F-11D3-BF4B-00C04F79EFBC}") = "Algorithm", "Algorithm\Algorithm.csproj", "{885BC71B-36A4-4A47-AD75-53F2D35270C0}"
EndProject
Global
	GlobalSection(SolutionConfigurationPlatforms) = preSolution
		Debug|Any CPU = Debug|Any CPU
		Release|Any CPU = Release|Any CPU
	EndGlobalSection
	GlobalSection(ProjectConfigurationPlatforms) = postSolution
		{885BC71B-36A4-4A47-AD75-53F2D35270C0}.Debug|Any CPU.ActiveCfg = Debug|Any CPU
		{885BC71B-36A4-4A47-AD75-53F2D35270C0}.Debug|Any CPU.Build.0 = Debug|Any CPU
		{885BC71B-36A4-4A47-AD75-53F2D35270C0}.Release|Any CPU.ActiveCfg = Release|Any CPU
		{885BC71B-36A4-4A47-AD75-53F2D35270C0}.Release|Any CPU.Build.0 = Release|Any CPU
	EndGlobalSection
	GlobalSection(SolutionProperties) = preSolution
		HideSolutionNode = FALSE
	EndGlobalSection
	GlobalSection(ExtensibilityGlobals) = postSolution
		SolutionGuid = {9798B808-246F-4C4F-85BE-D16FC36186D8}
	EndGlobalSection
EndGlobal
